// !$*UTF8*$!
{
	archiveVersion = 1;
	classes = {
	};
	objectVersion = 50;
	objects = {

/* Begin PBXBuildFile section */
		7856B073267F8C850087134C /* AppDelegate.swift in Sources */ = {isa = PBXBuildFile; fileRef = 7856B072267F8C850087134C /* AppDelegate.swift */; };
		7856B075267F8C850087134C /* SceneDelegate.swift in Sources */ = {isa = PBXBuildFile; fileRef = 7856B074267F8C850087134C /* SceneDelegate.swift */; };
		7856B077267F8C850087134C /* ViewController.swift in Sources */ = {isa = PBXBuildFile; fileRef = 7856B076267F8C850087134C /* ViewController.swift */; };
		7856B07A267F8C850087134C /* Main.storyboard in Resources */ = {isa = PBXBuildFile; fileRef = 7856B078267F8C850087134C /* Main.storyboard */; };
		7856B07C267F8C8F0087134C /* Assets.xcassets in Resources */ = {isa = PBXBuildFile; fileRef = 7856B07B267F8C8F0087134C /* Assets.xcassets */; };
		7856B07F267F8C8F0087134C /* LaunchScreen.storyboard in Resources */ = {isa = PBXBuildFile; fileRef = 7856B07D267F8C8F0087134C /* LaunchScreen.storyboard */; };
		7856B08A267F8C8F0087134C /* ApiTesteTests.swift in Sources */ = {isa = PBXBuildFile; fileRef = 7856B089267F8C8F0087134C /* ApiTesteTests.swift */; };
		7856B095267F8C8F0087134C /* ApiTesteUITests.swift in Sources */ = {isa = PBXBuildFile; fileRef = 7856B094267F8C8F0087134C /* ApiTesteUITests.swift */; };
		78B7204F26BCB03C00C92B34 /* Endpoint.swift in Sources */ = {isa = PBXBuildFile; fileRef = 78B7204E26BCB03C00C92B34 /* Endpoint.swift */; };
		78B7205B26BCB30E00C92B34 /* HTTPMethod.swift in Sources */ = {isa = PBXBuildFile; fileRef = 78B7205A26BCB30E00C92B34 /* HTTPMethod.swift */; };
		78B7206326BCB3A200C92B34 /* HTTPTask.swift in Sources */ = {isa = PBXBuildFile; fileRef = 78B7206226BCB3A200C92B34 /* HTTPTask.swift */; };
		78B7206826BCB4FA00C92B34 /* ParametersEncoding.swift in Sources */ = {isa = PBXBuildFile; fileRef = 78B7206726BCB4FA00C92B34 /* ParametersEncoding.swift */; };
		78B7207126BCB68100C92B34 /* NetworkError.swift in Sources */ = {isa = PBXBuildFile; fileRef = 78B7207026BCB68100C92B34 /* NetworkError.swift */; };
		78B7207926BCB76F00C92B34 /* URLEncoding.swift in Sources */ = {isa = PBXBuildFile; fileRef = 78B7207826BCB76F00C92B34 /* URLEncoding.swift */; };
		78B7208126BCBBC300C92B34 /* JSONEncoding.swift in Sources */ = {isa = PBXBuildFile; fileRef = 78B7208026BCBBC300C92B34 /* JSONEncoding.swift */; };
		78B7208626BCBE2200C92B34 /* NetworkRouter.swift in Sources */ = {isa = PBXBuildFile; fileRef = 78B7208526BCBE2200C92B34 /* NetworkRouter.swift */; };
		78B7208B26BCC3B900C92B34 /* Router.swift in Sources */ = {isa = PBXBuildFile; fileRef = 78B7208A26BCC3B900C92B34 /* Router.swift */; };
/* End PBXBuildFile section */

/* Begin PBXContainerItemProxy section */
		7856B086267F8C8F0087134C /* PBXContainerItemProxy */ = {
			isa = PBXContainerItemProxy;
			containerPortal = 7856B067267F8C850087134C /* Project object */;
			proxyType = 1;
			remoteGlobalIDString = 7856B06E267F8C850087134C;
			remoteInfo = ApiTeste;
		};
		7856B091267F8C8F0087134C /* PBXContainerItemProxy */ = {
			isa = PBXContainerItemProxy;
			containerPortal = 7856B067267F8C850087134C /* Project object */;
			proxyType = 1;
			remoteGlobalIDString = 7856B06E267F8C850087134C;
			remoteInfo = ApiTeste;
		};
/* End PBXContainerItemProxy section */

/* Begin PBXFileReference section */
		7856B06F267F8C850087134C /* ApiTeste.app */ = {isa = PBXFileReference; explicitFileType = wrapper.application; includeInIndex = 0; path = ApiTeste.app; sourceTree = BUILT_PRODUCTS_DIR; };
		7856B072267F8C850087134C /* AppDelegate.swift */ = {isa = PBXFileReference; lastKnownFileType = sourcecode.swift; path = AppDelegate.swift; sourceTree = "<group>"; };
		7856B074267F8C850087134C /* SceneDelegate.swift */ = {isa = PBXFileReference; lastKnownFileType = sourcecode.swift; path = SceneDelegate.swift; sourceTree = "<group>"; };
		7856B076267F8C850087134C /* ViewController.swift */ = {isa = PBXFileReference; lastKnownFileType = sourcecode.swift; path = ViewController.swift; sourceTree = "<group>"; };
		7856B079267F8C850087134C /* Base */ = {isa = PBXFileReference; lastKnownFileType = file.storyboard; name = Base; path = Base.lproj/Main.storyboard; sourceTree = "<group>"; };
		7856B07B267F8C8F0087134C /* Assets.xcassets */ = {isa = PBXFileReference; lastKnownFileType = folder.assetcatalog; path = Assets.xcassets; sourceTree = "<group>"; };
		7856B07E267F8C8F0087134C /* Base */ = {isa = PBXFileReference; lastKnownFileType = file.storyboard; name = Base; path = Base.lproj/LaunchScreen.storyboard; sourceTree = "<group>"; };
		7856B080267F8C8F0087134C /* Info.plist */ = {isa = PBXFileReference; lastKnownFileType = text.plist.xml; path = Info.plist; sourceTree = "<group>"; };
		7856B085267F8C8F0087134C /* ApiTesteTests.xctest */ = {isa = PBXFileReference; explicitFileType = wrapper.cfbundle; includeInIndex = 0; path = ApiTesteTests.xctest; sourceTree = BUILT_PRODUCTS_DIR; };
		7856B089267F8C8F0087134C /* ApiTesteTests.swift */ = {isa = PBXFileReference; lastKnownFileType = sourcecode.swift; path = ApiTesteTests.swift; sourceTree = "<group>"; };
		7856B08B267F8C8F0087134C /* Info.plist */ = {isa = PBXFileReference; lastKnownFileType = text.plist.xml; path = Info.plist; sourceTree = "<group>"; };
		7856B090267F8C8F0087134C /* ApiTesteUITests.xctest */ = {isa = PBXFileReference; explicitFileType = wrapper.cfbundle; includeInIndex = 0; path = ApiTesteUITests.xctest; sourceTree = BUILT_PRODUCTS_DIR; };
		7856B094267F8C8F0087134C /* ApiTesteUITests.swift */ = {isa = PBXFileReference; lastKnownFileType = sourcecode.swift; path = ApiTesteUITests.swift; sourceTree = "<group>"; };
		7856B096267F8C8F0087134C /* Info.plist */ = {isa = PBXFileReference; lastKnownFileType = text.plist.xml; path = Info.plist; sourceTree = "<group>"; };
		78B7204E26BCB03C00C92B34 /* Endpoint.swift */ = {isa = PBXFileReference; lastKnownFileType = sourcecode.swift; path = Endpoint.swift; sourceTree = "<group>"; };
		78B7205A26BCB30E00C92B34 /* HTTPMethod.swift */ = {isa = PBXFileReference; lastKnownFileType = sourcecode.swift; path = HTTPMethod.swift; sourceTree = "<group>"; };
		78B7206226BCB3A200C92B34 /* HTTPTask.swift */ = {isa = PBXFileReference; lastKnownFileType = sourcecode.swift; path = HTTPTask.swift; sourceTree = "<group>"; };
		78B7206726BCB4FA00C92B34 /* ParametersEncoding.swift */ = {isa = PBXFileReference; lastKnownFileType = sourcecode.swift; path = ParametersEncoding.swift; sourceTree = "<group>"; };
		78B7207026BCB68100C92B34 /* NetworkError.swift */ = {isa = PBXFileReference; lastKnownFileType = sourcecode.swift; path = NetworkError.swift; sourceTree = "<group>"; };
		78B7207826BCB76F00C92B34 /* URLEncoding.swift */ = {isa = PBXFileReference; lastKnownFileType = sourcecode.swift; path = URLEncoding.swift; sourceTree = "<group>"; };
		78B7208026BCBBC300C92B34 /* JSONEncoding.swift */ = {isa = PBXFileReference; lastKnownFileType = sourcecode.swift; path = JSONEncoding.swift; sourceTree = "<group>"; };
		78B7208526BCBE2200C92B34 /* NetworkRouter.swift */ = {isa = PBXFileReference; lastKnownFileType = sourcecode.swift; path = NetworkRouter.swift; sourceTree = "<group>"; };
		78B7208A26BCC3B900C92B34 /* Router.swift */ = {isa = PBXFileReference; lastKnownFileType = sourcecode.swift; path = Router.swift; sourceTree = "<group>"; };
/* End PBXFileReference section */

/* Begin PBXFrameworksBuildPhase section */
		7856B06C267F8C850087134C /* Frameworks */ = {
			isa = PBXFrameworksBuildPhase;
			buildActionMask = 2147483647;
			files = (
			);
			runOnlyForDeploymentPostprocessing = 0;
		};
		7856B082267F8C8F0087134C /* Frameworks */ = {
			isa = PBXFrameworksBuildPhase;
			buildActionMask = 2147483647;
			files = (
			);
			runOnlyForDeploymentPostprocessing = 0;
		};
		7856B08D267F8C8F0087134C /* Frameworks */ = {
			isa = PBXFrameworksBuildPhase;
			buildActionMask = 2147483647;
			files = (
			);
			runOnlyForDeploymentPostprocessing = 0;
		};
/* End PBXFrameworksBuildPhase section */

/* Begin PBXGroup section */
		7856B066267F8C850087134C = {
			isa = PBXGroup;
			children = (
				7856B071267F8C850087134C /* ApiTeste */,
				7856B088267F8C8F0087134C /* ApiTesteTests */,
				7856B093267F8C8F0087134C /* ApiTesteUITests */,
				7856B070267F8C850087134C /* Products */,
			);
			sourceTree = "<group>";
		};
		7856B070267F8C850087134C /* Products */ = {
			isa = PBXGroup;
			children = (
				7856B06F267F8C850087134C /* ApiTeste.app */,
				7856B085267F8C8F0087134C /* ApiTesteTests.xctest */,
				7856B090267F8C8F0087134C /* ApiTesteUITests.xctest */,
			);
			name = Products;
			sourceTree = "<group>";
		};
		7856B071267F8C850087134C /* ApiTeste */ = {
			isa = PBXGroup;
			children = (
				78B7204326BCAE9100C92B34 /* Application */,
				78B7204D26BCAFB500C92B34 /* Model */,
				7856B0A5267F98140087134C /* NetworkManager */,
				7856B080267F8C8F0087134C /* Info.plist */,
				7856B072267F8C850087134C /* AppDelegate.swift */,
				7856B074267F8C850087134C /* SceneDelegate.swift */,
				7856B076267F8C850087134C /* ViewController.swift */,
				7856B07B267F8C8F0087134C /* Assets.xcassets */,
				7856B07D267F8C8F0087134C /* LaunchScreen.storyboard */,
				7856B078267F8C850087134C /* Main.storyboard */,
			);
			path = ApiTeste;
			sourceTree = "<group>";
		};
		7856B088267F8C8F0087134C /* ApiTesteTests */ = {
			isa = PBXGroup;
			children = (
				7856B089267F8C8F0087134C /* ApiTesteTests.swift */,
				7856B08B267F8C8F0087134C /* Info.plist */,
			);
			path = ApiTesteTests;
			sourceTree = "<group>";
		};
		7856B093267F8C8F0087134C /* ApiTesteUITests */ = {
			isa = PBXGroup;
			children = (
				7856B094267F8C8F0087134C /* ApiTesteUITests.swift */,
				7856B096267F8C8F0087134C /* Info.plist */,
			);
			path = ApiTesteUITests;
			sourceTree = "<group>";
		};
		7856B0A5267F98140087134C /* NetworkManager */ = {
			isa = PBXGroup;
			children = (
				78B7204C26BCAFA000C92B34 /* Encoding */,
				78B7204926BCAF8000C92B34 /* Endpoint */,
				78B7204A26BCAF8C00C92B34 /* Manager */,
				78B7206F26BCB66B00C92B34 /* NetworkError */,
				78B7204B26BCAF9800C92B34 /* Service */,
			);
			path = NetworkManager;
			sourceTree = "<group>";
		};
		78B7204326BCAE9100C92B34 /* Application */ = {
			isa = PBXGroup;
			children = (
			);
			path = Application;
			sourceTree = "<group>";
		};
		78B7204926BCAF8000C92B34 /* Endpoint */ = {
			isa = PBXGroup;
			children = (
				78B7204E26BCB03C00C92B34 /* Endpoint.swift */,
				78B7206726BCB4FA00C92B34 /* ParametersEncoding.swift */,
			);
			path = Endpoint;
			sourceTree = "<group>";
		};
		78B7204A26BCAF8C00C92B34 /* Manager */ = {
			isa = PBXGroup;
			children = (
			);
			path = Manager;
			sourceTree = "<group>";
		};
		78B7204B26BCAF9800C92B34 /* Service */ = {
			isa = PBXGroup;
			children = (
				78B7205A26BCB30E00C92B34 /* HTTPMethod.swift */,
				78B7206226BCB3A200C92B34 /* HTTPTask.swift */,
				78B7208526BCBE2200C92B34 /* NetworkRouter.swift */,
				78B7208A26BCC3B900C92B34 /* Router.swift */,
			);
			path = Service;
			sourceTree = "<group>";
		};
		78B7204C26BCAFA000C92B34 /* Encoding */ = {
			isa = PBXGroup;
			children = (
				78B7207826BCB76F00C92B34 /* URLEncoding.swift */,
				78B7208026BCBBC300C92B34 /* JSONEncoding.swift */,
			);
			path = Encoding;
			sourceTree = "<group>";
		};
		78B7204D26BCAFB500C92B34 /* Model */ = {
			isa = PBXGroup;
			children = (
			);
			path = Model;
			sourceTree = "<group>";
		};
		78B7206F26BCB66B00C92B34 /* NetworkError */ = {
			isa = PBXGroup;
			children = (
				78B7207026BCB68100C92B34 /* NetworkError.swift */,
			);
			path = NetworkError;
			sourceTree = "<group>";
		};
/* End PBXGroup section */

/* Begin PBXNativeTarget section */
		7856B06E267F8C850087134C /* ApiTeste */ = {
			isa = PBXNativeTarget;
			buildConfigurationList = 7856B099267F8C8F0087134C /* Build configuration list for PBXNativeTarget "ApiTeste" */;
			buildPhases = (
				7856B06B267F8C850087134C /* Sources */,
				7856B06C267F8C850087134C /* Frameworks */,
				7856B06D267F8C850087134C /* Resources */,
			);
			buildRules = (
			);
			dependencies = (
			);
			name = ApiTeste;
			productName = ApiTeste;
			productReference = 7856B06F267F8C850087134C /* ApiTeste.app */;
			productType = "com.apple.product-type.application";
		};
		7856B084267F8C8F0087134C /* ApiTesteTests */ = {
			isa = PBXNativeTarget;
			buildConfigurationList = 7856B09C267F8C8F0087134C /* Build configuration list for PBXNativeTarget "ApiTesteTests" */;
			buildPhases = (
				7856B081267F8C8F0087134C /* Sources */,
				7856B082267F8C8F0087134C /* Frameworks */,
				7856B083267F8C8F0087134C /* Resources */,
			);
			buildRules = (
			);
			dependencies = (
				7856B087267F8C8F0087134C /* PBXTargetDependency */,
			);
			name = ApiTesteTests;
			productName = ApiTesteTests;
			productReference = 7856B085267F8C8F0087134C /* ApiTesteTests.xctest */;
			productType = "com.apple.product-type.bundle.unit-test";
		};
		7856B08F267F8C8F0087134C /* ApiTesteUITests */ = {
			isa = PBXNativeTarget;
			buildConfigurationList = 7856B09F267F8C8F0087134C /* Build configuration list for PBXNativeTarget "ApiTesteUITests" */;
			buildPhases = (
				7856B08C267F8C8F0087134C /* Sources */,
				7856B08D267F8C8F0087134C /* Frameworks */,
				7856B08E267F8C8F0087134C /* Resources */,
			);
			buildRules = (
			);
			dependencies = (
				7856B092267F8C8F0087134C /* PBXTargetDependency */,
			);
			name = ApiTesteUITests;
			productName = ApiTesteUITests;
			productReference = 7856B090267F8C8F0087134C /* ApiTesteUITests.xctest */;
			productType = "com.apple.product-type.bundle.ui-testing";
		};
/* End PBXNativeTarget section */

/* Begin PBXProject section */
		7856B067267F8C850087134C /* Project object */ = {
			isa = PBXProject;
			attributes = {
				LastSwiftUpdateCheck = 1240;
				LastUpgradeCheck = 1240;
				TargetAttributes = {
					7856B06E267F8C850087134C = {
						CreatedOnToolsVersion = 12.4;
					};
					7856B084267F8C8F0087134C = {
						CreatedOnToolsVersion = 12.4;
						TestTargetID = 7856B06E267F8C850087134C;
					};
					7856B08F267F8C8F0087134C = {
						CreatedOnToolsVersion = 12.4;
						TestTargetID = 7856B06E267F8C850087134C;
					};
				};
			};
			buildConfigurationList = 7856B06A267F8C850087134C /* Build configuration list for PBXProject "ApiTeste" */;
			compatibilityVersion = "Xcode 9.3";
			developmentRegion = en;
			hasScannedForEncodings = 0;
			knownRegions = (
				en,
				Base,
			);
			mainGroup = 7856B066267F8C850087134C;
			productRefGroup = 7856B070267F8C850087134C /* Products */;
			projectDirPath = "";
			projectRoot = "";
			targets = (
				7856B06E267F8C850087134C /* ApiTeste */,
				7856B084267F8C8F0087134C /* ApiTesteTests */,
				7856B08F267F8C8F0087134C /* ApiTesteUITests */,
			);
		};
/* End PBXProject section */

/* Begin PBXResourcesBuildPhase section */
		7856B06D267F8C850087134C /* Resources */ = {
			isa = PBXResourcesBuildPhase;
			buildActionMask = 2147483647;
			files = (
				7856B07F267F8C8F0087134C /* LaunchScreen.storyboard in Resources */,
				7856B07C267F8C8F0087134C /* Assets.xcassets in Resources */,
				7856B07A267F8C850087134C /* Main.storyboard in Resources */,
			);
			runOnlyForDeploymentPostprocessing = 0;
		};
		7856B083267F8C8F0087134C /* Resources */ = {
			isa = PBXResourcesBuildPhase;
			buildActionMask = 2147483647;
			files = (
			);
			runOnlyForDeploymentPostprocessing = 0;
		};
		7856B08E267F8C8F0087134C /* Resources */ = {
			isa = PBXResourcesBuildPhase;
			buildActionMask = 2147483647;
			files = (
			);
			runOnlyForDeploymentPostprocessing = 0;
		};
/* End PBXResourcesBuildPhase section */

/* Begin PBXSourcesBuildPhase section */
		7856B06B267F8C850087134C /* Sources */ = {
			isa = PBXSourcesBuildPhase;
			buildActionMask = 2147483647;
			files = (
				78B7206326BCB3A200C92B34 /* HTTPTask.swift in Sources */,
				78B7208626BCBE2200C92B34 /* NetworkRouter.swift in Sources */,
				78B7207126BCB68100C92B34 /* NetworkError.swift in Sources */,
				78B7207926BCB76F00C92B34 /* URLEncoding.swift in Sources */,
				78B7208B26BCC3B900C92B34 /* Router.swift in Sources */,
				78B7204F26BCB03C00C92B34 /* Endpoint.swift in Sources */,
				78B7206826BCB4FA00C92B34 /* ParametersEncoding.swift in Sources */,
				7856B077267F8C850087134C /* ViewController.swift in Sources */,
				7856B073267F8C850087134C /* AppDelegate.swift in Sources */,
				78B7205B26BCB30E00C92B34 /* HTTPMethod.swift in Sources */,
				78B7208126BCBBC300C92B34 /* JSONEncoding.swift in Sources */,
				7856B075267F8C850087134C /* SceneDelegate.swift in Sources */,
			);
			runOnlyForDeploymentPostprocessing = 0;
		};
		7856B081267F8C8F0087134C /* Sources */ = {
			isa = PBXSourcesBuildPhase;
			buildActionMask = 2147483647;
			files = (
				7856B08A267F8C8F0087134C /* ApiTesteTests.swift in Sources */,
			);
			runOnlyForDeploymentPostprocessing = 0;
		};
		7856B08C267F8C8F0087134C /* Sources */ = {
			isa = PBXSourcesBuildPhase;
			buildActionMask = 2147483647;
			files = (
				7856B095267F8C8F0087134C /* ApiTesteUITests.swift in Sources */,
			);
			runOnlyForDeploymentPostprocessing = 0;
		};
/* End PBXSourcesBuildPhase section */

/* Begin PBXTargetDependency section */
		7856B087267F8C8F0087134C /* PBXTargetDependency */ = {
			isa = PBXTargetDependency;
			target = 7856B06E267F8C850087134C /* ApiTeste */;
			targetProxy = 7856B086267F8C8F0087134C /* PBXContainerItemProxy */;
		};
		7856B092267F8C8F0087134C /* PBXTargetDependency */ = {
			isa = PBXTargetDependency;
			target = 7856B06E267F8C850087134C /* ApiTeste */;
			targetProxy = 7856B091267F8C8F0087134C /* PBXContainerItemProxy */;
		};
/* End PBXTargetDependency section */

/* Begin PBXVariantGroup section */
		7856B078267F8C850087134C /* Main.storyboard */ = {
			isa = PBXVariantGroup;
			children = (
				7856B079267F8C850087134C /* Base */,
			);
			name = Main.storyboard;
			sourceTree = "<group>";
		};
		7856B07D267F8C8F0087134C /* LaunchScreen.storyboard */ = {
			isa = PBXVariantGroup;
			children = (
				7856B07E267F8C8F0087134C /* Base */,
			);
			name = LaunchScreen.storyboard;
			sourceTree = "<group>";
		};
/* End PBXVariantGroup section */

/* Begin XCBuildConfiguration section */
		7856B097267F8C8F0087134C /* Debug */ = {
			isa = XCBuildConfiguration;
			buildSettings = {
				ALWAYS_SEARCH_USER_PATHS = NO;
				CLANG_ANALYZER_NONNULL = YES;
				CLANG_ANALYZER_NUMBER_OBJECT_CONVERSION = YES_AGGRESSIVE;
				CLANG_CXX_LANGUAGE_STANDARD = "gnu++14";
				CLANG_CXX_LIBRARY = "libc++";
				CLANG_ENABLE_MODULES = YES;
				CLANG_ENABLE_OBJC_ARC = YES;
				CLANG_ENABLE_OBJC_WEAK = YES;
				CLANG_WARN_BLOCK_CAPTURE_AUTORELEASING = YES;
				CLANG_WARN_BOOL_CONVERSION = YES;
				CLANG_WARN_COMMA = YES;
				CLANG_WARN_CONSTANT_CONVERSION = YES;
				CLANG_WARN_DEPRECATED_OBJC_IMPLEMENTATIONS = YES;
				CLANG_WARN_DIRECT_OBJC_ISA_USAGE = YES_ERROR;
				CLANG_WARN_DOCUMENTATION_COMMENTS = YES;
				CLANG_WARN_EMPTY_BODY = YES;
				CLANG_WARN_ENUM_CONVERSION = YES;
				CLANG_WARN_INFINITE_RECURSION = YES;
				CLANG_WARN_INT_CONVERSION = YES;
				CLANG_WARN_NON_LITERAL_NULL_CONVERSION = YES;
				CLANG_WARN_OBJC_IMPLICIT_RETAIN_SELF = YES;
				CLANG_WARN_OBJC_LITERAL_CONVERSION = YES;
				CLANG_WARN_OBJC_ROOT_CLASS = YES_ERROR;
				CLANG_WARN_QUOTED_INCLUDE_IN_FRAMEWORK_HEADER = YES;
				CLANG_WARN_RANGE_LOOP_ANALYSIS = YES;
				CLANG_WARN_STRICT_PROTOTYPES = YES;
				CLANG_WARN_SUSPICIOUS_MOVE = YES;
				CLANG_WARN_UNGUARDED_AVAILABILITY = YES_AGGRESSIVE;
				CLANG_WARN_UNREACHABLE_CODE = YES;
				CLANG_WARN__DUPLICATE_METHOD_MATCH = YES;
				COPY_PHASE_STRIP = NO;
				DEBUG_INFORMATION_FORMAT = dwarf;
				ENABLE_STRICT_OBJC_MSGSEND = YES;
				ENABLE_TESTABILITY = YES;
				GCC_C_LANGUAGE_STANDARD = gnu11;
				GCC_DYNAMIC_NO_PIC = NO;
				GCC_NO_COMMON_BLOCKS = YES;
				GCC_OPTIMIZATION_LEVEL = 0;
				GCC_PREPROCESSOR_DEFINITIONS = (
					"DEBUG=1",
					"$(inherited)",
				);
				GCC_WARN_64_TO_32_BIT_CONVERSION = YES;
				GCC_WARN_ABOUT_RETURN_TYPE = YES_ERROR;
				GCC_WARN_UNDECLARED_SELECTOR = YES;
				GCC_WARN_UNINITIALIZED_AUTOS = YES_AGGRESSIVE;
				GCC_WARN_UNUSED_FUNCTION = YES;
				GCC_WARN_UNUSED_VARIABLE = YES;
				IPHONEOS_DEPLOYMENT_TARGET = 14.4;
				MTL_ENABLE_DEBUG_INFO = INCLUDE_SOURCE;
				MTL_FAST_MATH = YES;
				ONLY_ACTIVE_ARCH = YES;
				SDKROOT = iphoneos;
				SWIFT_ACTIVE_COMPILATION_CONDITIONS = DEBUG;
				SWIFT_OPTIMIZATION_LEVEL = "-Onone";
			};
			name = Debug;
		};
		7856B098267F8C8F0087134C /* Release */ = {
			isa = XCBuildConfiguration;
			buildSettings = {
				ALWAYS_SEARCH_USER_PATHS = NO;
				CLANG_ANALYZER_NONNULL = YES;
				CLANG_ANALYZER_NUMBER_OBJECT_CONVERSION = YES_AGGRESSIVE;
				CLANG_CXX_LANGUAGE_STANDARD = "gnu++14";
				CLANG_CXX_LIBRARY = "libc++";
				CLANG_ENABLE_MODULES = YES;
				CLANG_ENABLE_OBJC_ARC = YES;
				CLANG_ENABLE_OBJC_WEAK = YES;
				CLANG_WARN_BLOCK_CAPTURE_AUTORELEASING = YES;
				CLANG_WARN_BOOL_CONVERSION = YES;
				CLANG_WARN_COMMA = YES;
				CLANG_WARN_CONSTANT_CONVERSION = YES;
				CLANG_WARN_DEPRECATED_OBJC_IMPLEMENTATIONS = YES;
				CLANG_WARN_DIRECT_OBJC_ISA_USAGE = YES_ERROR;
				CLANG_WARN_DOCUMENTATION_COMMENTS = YES;
				CLANG_WARN_EMPTY_BODY = YES;
				CLANG_WARN_ENUM_CONVERSION = YES;
				CLANG_WARN_INFINITE_RECURSION = YES;
				CLANG_WARN_INT_CONVERSION = YES;
				CLANG_WARN_NON_LITERAL_NULL_CONVERSION = YES;
				CLANG_WARN_OBJC_IMPLICIT_RETAIN_SELF = YES;
				CLANG_WARN_OBJC_LITERAL_CONVERSION = YES;
				CLANG_WARN_OBJC_ROOT_CLASS = YES_ERROR;
				CLANG_WARN_QUOTED_INCLUDE_IN_FRAMEWORK_HEADER = YES;
				CLANG_WARN_RANGE_LOOP_ANALYSIS = YES;
				CLANG_WARN_STRICT_PROTOTYPES = YES;
				CLANG_WARN_SUSPICIOUS_MOVE = YES;
				CLANG_WARN_UNGUARDED_AVAILABILITY = YES_AGGRESSIVE;
				CLANG_WARN_UNREACHABLE_CODE = YES;
				CLANG_WARN__DUPLICATE_METHOD_MATCH = YES;
				COPY_PHASE_STRIP = NO;
				DEBUG_INFORMATION_FORMAT = "dwarf-with-dsym";
				ENABLE_NS_ASSERTIONS = NO;
				ENABLE_STRICT_OBJC_MSGSEND = YES;
				GCC_C_LANGUAGE_STANDARD = gnu11;
				GCC_NO_COMMON_BLOCKS = YES;
				GCC_WARN_64_TO_32_BIT_CONVERSION = YES;
				GCC_WARN_ABOUT_RETURN_TYPE = YES_ERROR;
				GCC_WARN_UNDECLARED_SELECTOR = YES;
				GCC_WARN_UNINITIALIZED_AUTOS = YES_AGGRESSIVE;
				GCC_WARN_UNUSED_FUNCTION = YES;
				GCC_WARN_UNUSED_VARIABLE = YES;
				IPHONEOS_DEPLOYMENT_TARGET = 14.4;
				MTL_ENABLE_DEBUG_INFO = NO;
				MTL_FAST_MATH = YES;
				SDKROOT = iphoneos;
				SWIFT_COMPILATION_MODE = wholemodule;
				SWIFT_OPTIMIZATION_LEVEL = "-O";
				VALIDATE_PRODUCT = YES;
			};
			name = Release;
		};
		7856B09A267F8C8F0087134C /* Debug */ = {
			isa = XCBuildConfiguration;
			buildSettings = {
				ASSETCATALOG_COMPILER_APPICON_NAME = AppIcon;
				ASSETCATALOG_COMPILER_GLOBAL_ACCENT_COLOR_NAME = AccentColor;
				CODE_SIGN_STYLE = Automatic;
				DEVELOPMENT_TEAM = R9ZF9XRL8Y;
				INFOPLIST_FILE = ApiTeste/Info.plist;
				LD_RUNPATH_SEARCH_PATHS = (
					"$(inherited)",
					"@executable_path/Frameworks",
				);
				PRODUCT_BUNDLE_IDENTIFIER = com.igor.ApiTeste;
				PRODUCT_NAME = "$(TARGET_NAME)";
				SWIFT_VERSION = 5.0;
				TARGETED_DEVICE_FAMILY = "1,2";
			};
			name = Debug;
		};
		7856B09B267F8C8F0087134C /* Release */ = {
			isa = XCBuildConfiguration;
			buildSettings = {
				ASSETCATALOG_COMPILER_APPICON_NAME = AppIcon;
				ASSETCATALOG_COMPILER_GLOBAL_ACCENT_COLOR_NAME = AccentColor;
				CODE_SIGN_STYLE = Automatic;
				DEVELOPMENT_TEAM = R9ZF9XRL8Y;
				INFOPLIST_FILE = ApiTeste/Info.plist;
				LD_RUNPATH_SEARCH_PATHS = (
					"$(inherited)",
					"@executable_path/Frameworks",
				);
				PRODUCT_BUNDLE_IDENTIFIER = com.igor.ApiTeste;
				PRODUCT_NAME = "$(TARGET_NAME)";
				SWIFT_VERSION = 5.0;
				TARGETED_DEVICE_FAMILY = "1,2";
			};
			name = Release;
		};
		7856B09D267F8C8F0087134C /* Debug */ = {
			isa = XCBuildConfiguration;
			buildSettings = {
				ALWAYS_EMBED_SWIFT_STANDARD_LIBRARIES = YES;
				BUNDLE_LOADER = "$(TEST_HOST)";
				CODE_SIGN_STYLE = Automatic;
				DEVELOPMENT_TEAM = R9ZF9XRL8Y;
				INFOPLIST_FILE = ApiTesteTests/Info.plist;
				IPHONEOS_DEPLOYMENT_TARGET = 14.4;
				LD_RUNPATH_SEARCH_PATHS = (
					"$(inherited)",
					"@executable_path/Frameworks",
					"@loader_path/Frameworks",
				);
				PRODUCT_BUNDLE_IDENTIFIER = com.igor.ApiTesteTests;
				PRODUCT_NAME = "$(TARGET_NAME)";
				SWIFT_VERSION = 5.0;
				TARGETED_DEVICE_FAMILY = "1,2";
				TEST_HOST = "$(BUILT_PRODUCTS_DIR)/ApiTeste.app/ApiTeste";
			};
			name = Debug;
		};
		7856B09E267F8C8F0087134C /* Release */ = {
			isa = XCBuildConfiguration;
			buildSettings = {
				ALWAYS_EMBED_SWIFT_STANDARD_LIBRARIES = YES;
				BUNDLE_LOADER = "$(TEST_HOST)";
				CODE_SIGN_STYLE = Automatic;
				DEVELOPMENT_TEAM = R9ZF9XRL8Y;
				INFOPLIST_FILE = ApiTesteTests/Info.plist;
				IPHONEOS_DEPLOYMENT_TARGET = 14.4;
				LD_RUNPATH_SEARCH_PATHS = (
					"$(inherited)",
					"@executable_path/Frameworks",
					"@loader_path/Frameworks",
				);
				PRODUCT_BUNDLE_IDENTIFIER = com.igor.ApiTesteTests;
				PRODUCT_NAME = "$(TARGET_NAME)";
				SWIFT_VERSION = 5.0;
				TARGETED_DEVICE_FAMILY = "1,2";
				TEST_HOST = "$(BUILT_PRODUCTS_DIR)/ApiTeste.app/ApiTeste";
			};
			name = Release;
		};
		7856B0A0267F8C8F0087134C /* Debug */ = {
			isa = XCBuildConfiguration;
			buildSettings = {
				ALWAYS_EMBED_SWIFT_STANDARD_LIBRARIES = YES;
				CODE_SIGN_STYLE = Automatic;
				DEVELOPMENT_TEAM = R9ZF9XRL8Y;
				INFOPLIST_FILE = ApiTesteUITests/Info.plist;
				LD_RUNPATH_SEARCH_PATHS = (
					"$(inherited)",
					"@executable_path/Frameworks",
					"@loader_path/Frameworks",
				);
				PRODUCT_BUNDLE_IDENTIFIER = com.igor.ApiTesteUITests;
				PRODUCT_NAME = "$(TARGET_NAME)";
				SWIFT_VERSION = 5.0;
				TARGETED_DEVICE_FAMILY = "1,2";
				TEST_TARGET_NAME = ApiTeste;
			};
			name = Debug;
		};
		7856B0A1267F8C8F0087134C /* Release */ = {
			isa = XCBuildConfiguration;
			buildSettings = {
				ALWAYS_EMBED_SWIFT_STANDARD_LIBRARIES = YES;
				CODE_SIGN_STYLE = Automatic;
				DEVELOPMENT_TEAM = R9ZF9XRL8Y;
				INFOPLIST_FILE = ApiTesteUITests/Info.plist;
				LD_RUNPATH_SEARCH_PATHS = (
					"$(inherited)",
					"@executable_path/Frameworks",
					"@loader_path/Frameworks",
				);
				PRODUCT_BUNDLE_IDENTIFIER = com.igor.ApiTesteUITests;
				PRODUCT_NAME = "$(TARGET_NAME)";
				SWIFT_VERSION = 5.0;
				TARGETED_DEVICE_FAMILY = "1,2";
				TEST_TARGET_NAME = ApiTeste;
			};
			name = Release;
		};
/* End XCBuildConfiguration section */

/* Begin XCConfigurationList section */
		7856B06A267F8C850087134C /* Build configuration list for PBXProject "ApiTeste" */ = {
			isa = XCConfigurationList;
			buildConfigurations = (
				7856B097267F8C8F0087134C /* Debug */,
				7856B098267F8C8F0087134C /* Release */,
			);
			defaultConfigurationIsVisible = 0;
			defaultConfigurationName = Release;
		};
		7856B099267F8C8F0087134C /* Build configuration list for PBXNativeTarget "ApiTeste" */ = {
			isa = XCConfigurationList;
			buildConfigurations = (
				7856B09A267F8C8F0087134C /* Debug */,
				7856B09B267F8C8F0087134C /* Release */,
			);
			defaultConfigurationIsVisible = 0;
			defaultConfigurationName = Release;
		};
		7856B09C267F8C8F0087134C /* Build configuration list for PBXNativeTarget "ApiTesteTests" */ = {
			isa = XCConfigurationList;
			buildConfigurations = (
				7856B09D267F8C8F0087134C /* Debug */,
				7856B09E267F8C8F0087134C /* Release */,
			);
			defaultConfigurationIsVisible = 0;
			defaultConfigurationName = Release;
		};
		7856B09F267F8C8F0087134C /* Build configuration list for PBXNativeTarget "ApiTesteUITests" */ = {
			isa = XCConfigurationList;
			buildConfigurations = (
				7856B0A0267F8C8F0087134C /* Debug */,
				7856B0A1267F8C8F0087134C /* Release */,
			);
			defaultConfigurationIsVisible = 0;
			defaultConfigurationName = Release;
		};
/* End XCConfigurationList section */
	};
	rootObject = 7856B067267F8C850087134C /* Project object */;
}
