// !$*UTF8*$!
{
	archiveVersion = 1;
	classes = {
	};
	objectVersion = 50;
	objects = {

/* Begin PBXBuildFile section */
		78454340245A4BD600F7FEB1 /* AppDelegate.swift in Sources */ = {isa = PBXBuildFile; fileRef = 7845433F245A4BD600F7FEB1 /* AppDelegate.swift */; };
		78454342245A4BD600F7FEB1 /* SceneDelegate.swift in Sources */ = {isa = PBXBuildFile; fileRef = 78454341245A4BD600F7FEB1 /* SceneDelegate.swift */; };
		78454344245A4BD600F7FEB1 /* ContentView.swift in Sources */ = {isa = PBXBuildFile; fileRef = 78454343245A4BD600F7FEB1 /* ContentView.swift */; };
		78454346245A4BD900F7FEB1 /* Assets.xcassets in Resources */ = {isa = PBXBuildFile; fileRef = 78454345245A4BD900F7FEB1 /* Assets.xcassets */; };
		78454349245A4BD900F7FEB1 /* Preview Assets.xcassets in Resources */ = {isa = PBXBuildFile; fileRef = 78454348245A4BD900F7FEB1 /* Preview Assets.xcassets */; };
		7845434C245A4BD900F7FEB1 /* LaunchScreen.storyboard in Resources */ = {isa = PBXBuildFile; fileRef = 7845434A245A4BD900F7FEB1 /* LaunchScreen.storyboard */; };
/* End PBXBuildFile section */

/* Begin PBXFileReference section */
		7845433C245A4BD600F7FEB1 /* iCloudSwiftUI.app */ = {isa = PBXFileReference; explicitFileType = wrapper.application; includeInIndex = 0; path = iCloudSwiftUI.app; sourceTree = BUILT_PRODUCTS_DIR; };
		7845433F245A4BD600F7FEB1 /* AppDelegate.swift */ = {isa = PBXFileReference; lastKnownFileType = sourcecode.swift; path = AppDelegate.swift; sourceTree = "<group>"; };
		78454341245A4BD600F7FEB1 /* SceneDelegate.swift */ = {isa = PBXFileReference; lastKnownFileType = sourcecode.swift; path = SceneDelegate.swift; sourceTree = "<group>"; };
		78454343245A4BD600F7FEB1 /* ContentView.swift */ = {isa = PBXFileReference; lastKnownFileType = sourcecode.swift; path = ContentView.swift; sourceTree = "<group>"; };
		78454345245A4BD900F7FEB1 /* Assets.xcassets */ = {isa = PBXFileReference; lastKnownFileType = folder.assetcatalog; path = Assets.xcassets; sourceTree = "<group>"; };
		78454348245A4BD900F7FEB1 /* Preview Assets.xcassets */ = {isa = PBXFileReference; lastKnownFileType = folder.assetcatalog; path = "Preview Assets.xcassets"; sourceTree = "<group>"; };
		7845434B245A4BD900F7FEB1 /* Base */ = {isa = PBXFileReference; lastKnownFileType = file.storyboard; name = Base; path = Base.lproj/LaunchScreen.storyboard; sourceTree = "<group>"; };
		7845434D245A4BD900F7FEB1 /* Info.plist */ = {isa = PBXFileReference; lastKnownFileType = text.plist.xml; path = Info.plist; sourceTree = "<group>"; };
/* End PBXFileReference section */

/* Begin PBXFrameworksBuildPhase section */
		78454339245A4BD600F7FEB1 /* Frameworks */ = {
			isa = PBXFrameworksBuildPhase;
			buildActionMask = 2147483647;
			files = (
			);
			runOnlyForDeploymentPostprocessing = 0;
		};
/* End PBXFrameworksBuildPhase section */

/* Begin PBXGroup section */
		78454333245A4BD500F7FEB1 = {
			isa = PBXGroup;
			children = (
				7845433E245A4BD600F7FEB1 /* iCloudSwiftUI */,
				7845433D245A4BD600F7FEB1 /* Products */,
			);
			sourceTree = "<group>";
		};
		7845433D245A4BD600F7FEB1 /* Products */ = {
			isa = PBXGroup;
			children = (
				7845433C245A4BD600F7FEB1 /* iCloudSwiftUI.app */,
			);
			name = Products;
			sourceTree = "<group>";
		};
		7845433E245A4BD600F7FEB1 /* iCloudSwiftUI */ = {
			isa = PBXGroup;
			children = (
				7845433F245A4BD600F7FEB1 /* AppDelegate.swift */,
				78454341245A4BD600F7FEB1 /* SceneDelegate.swift */,
				78454343245A4BD600F7FEB1 /* ContentView.swift */,
				78454345245A4BD900F7FEB1 /* Assets.xcassets */,
				7845434A245A4BD900F7FEB1 /* LaunchScreen.storyboard */,
				7845434D245A4BD900F7FEB1 /* Info.plist */,
				78454347245A4BD900F7FEB1 /* Preview Content */,
			);
			path = iCloudSwiftUI;
			sourceTree = "<group>";
		};
		78454347245A4BD900F7FEB1 /* Preview Content */ = {
			isa = PBXGroup;
			children = (
				78454348245A4BD900F7FEB1 /* Preview Assets.xcassets */,
			);
			path = "Preview Content";
			sourceTree = "<group>";
		};
/* End PBXGroup section */

/* Begin PBXNativeTarget section */
		7845433B245A4BD600F7FEB1 /* iCloudSwiftUI */ = {
			isa = PBXNativeTarget;
			buildConfigurationList = 78454350245A4BD900F7FEB1 /* Build configuration list for PBXNativeTarget "iCloudSwiftUI" */;
			buildPhases = (
				78454338245A4BD600F7FEB1 /* Sources */,
				78454339245A4BD600F7FEB1 /* Frameworks */,
				7845433A245A4BD600F7FEB1 /* Resources */,
			);
			buildRules = (
			);
			dependencies = (
			);
			name = iCloudSwiftUI;
			productName = iCloudSwiftUI;
			productReference = 7845433C245A4BD600F7FEB1 /* iCloudSwiftUI.app */;
			productType = "com.apple.product-type.application";
		};
/* End PBXNativeTarget section */

/* Begin PBXProject section */
		78454334245A4BD500F7FEB1 /* Project object */ = {
			isa = PBXProject;
			attributes = {
				LastSwiftUpdateCheck = 1140;
				LastUpgradeCheck = 1140;
				ORGANIZATIONNAME = "Igor de Castro";
				TargetAttributes = {
					7845433B245A4BD600F7FEB1 = {
						CreatedOnToolsVersion = 11.4.1;
					};
				};
			};
			buildConfigurationList = 78454337245A4BD500F7FEB1 /* Build configuration list for PBXProject "iCloudSwiftUI" */;
			compatibilityVersion = "Xcode 9.3";
			developmentRegion = en;
			hasScannedForEncodings = 0;
			knownRegions = (
				en,
				Base,
			);
			mainGroup = 78454333245A4BD500F7FEB1;
			productRefGroup = 7845433D245A4BD600F7FEB1 /* Products */;
			projectDirPath = "";
			projectRoot = "";
			targets = (
				7845433B245A4BD600F7FEB1 /* iCloudSwiftUI */,
			);
		};
/* End PBXProject section */

/* Begin PBXResourcesBuildPhase section */
		7845433A245A4BD600F7FEB1 /* Resources */ = {
			isa = PBXResourcesBuildPhase;
			buildActionMask = 2147483647;
			files = (
				7845434C245A4BD900F7FEB1 /* LaunchScreen.storyboard in Resources */,
				78454349245A4BD900F7FEB1 /* Preview Assets.xcassets in Resources */,
				78454346245A4BD900F7FEB1 /* Assets.xcassets in Resources */,
			);
			runOnlyForDeploymentPostprocessing = 0;
		};
/* End PBXResourcesBuildPhase section */

/* Begin PBXSourcesBuildPhase section */
		78454338245A4BD600F7FEB1 /* Sources */ = {
			isa = PBXSourcesBuildPhase;
			buildActionMask = 2147483647;
			files = (
				78454340245A4BD600F7FEB1 /* AppDelegate.swift in Sources */,
				78454342245A4BD600F7FEB1 /* SceneDelegate.swift in Sources */,
				78454344245A4BD600F7FEB1 /* ContentView.swift in Sources */,
			);
			runOnlyForDeploymentPostprocessing = 0;
		};
/* End PBXSourcesBuildPhase section */

/* Begin PBXVariantGroup section */
		7845434A245A4BD900F7FEB1 /* LaunchScreen.storyboard */ = {
			isa = PBXVariantGroup;
			children = (
				7845434B245A4BD900F7FEB1 /* Base */,
			);
			name = LaunchScreen.storyboard;
			sourceTree = "<group>";
		};
/* End PBXVariantGroup section */

/* Begin XCBuildConfiguration section */
		7845434E245A4BD900F7FEB1 /* Debug */ = {
			isa = XCBuildConfiguration;
			buildSettings = {
				ALWAYS_SEARCH_USER_PATHS = NO;
				CLANG_ANALYZER_NONNULL = YES;
				CLANG_ANALYZER_NUMBER_OBJECT_CONVERSION = YES_AGGRESSIVE;
				CLANG_CXX_LANGUAGE_STANDARD = "gnu++14";
				CLANG_CXX_LIBRARY = "libc++";
				CLANG_ENABLE_MODULES = YES;
				CLANG_ENABLE_OBJC_ARC = YES;
				CLANG_ENABLE_OBJC_WEAK = YES;
				CLANG_WARN_BLOCK_CAPTURE_AUTORELEASING = YES;
				CLANG_WARN_BOOL_CONVERSION = YES;
				CLANG_WARN_COMMA = YES;
				CLANG_WARN_CONSTANT_CONVERSION = YES;
				CLANG_WARN_DEPRECATED_OBJC_IMPLEMENTATIONS = YES;
				CLANG_WARN_DIRECT_OBJC_ISA_USAGE = YES_ERROR;
				CLANG_WARN_DOCUMENTATION_COMMENTS = YES;
				CLANG_WARN_EMPTY_BODY = YES;
				CLANG_WARN_ENUM_CONVERSION = YES;
				CLANG_WARN_INFINITE_RECURSION = YES;
				CLANG_WARN_INT_CONVERSION = YES;
				CLANG_WARN_NON_LITERAL_NULL_CONVERSION = YES;
				CLANG_WARN_OBJC_IMPLICIT_RETAIN_SELF = YES;
				CLANG_WARN_OBJC_LITERAL_CONVERSION = YES;
				CLANG_WARN_OBJC_ROOT_CLASS = YES_ERROR;
				CLANG_WARN_RANGE_LOOP_ANALYSIS = YES;
				CLANG_WARN_STRICT_PROTOTYPES = YES;
				CLANG_WARN_SUSPICIOUS_MOVE = YES;
				CLANG_WARN_UNGUARDED_AVAILABILITY = YES_AGGRESSIVE;
				CLANG_WARN_UNREACHABLE_CODE = YES;
				CLANG_WARN__DUPLICATE_METHOD_MATCH = YES;
				COPY_PHASE_STRIP = NO;
				DEBUG_INFORMATION_FORMAT = dwarf;
				ENABLE_STRICT_OBJC_MSGSEND = YES;
				ENABLE_TESTABILITY = YES;
				GCC_C_LANGUAGE_STANDARD = gnu11;
				GCC_DYNAMIC_NO_PIC = NO;
				GCC_NO_COMMON_BLOCKS = YES;
				GCC_OPTIMIZATION_LEVEL = 0;
				GCC_PREPROCESSOR_DEFINITIONS = (
					"DEBUG=1",
					"$(inherited)",
				);
				GCC_WARN_64_TO_32_BIT_CONVERSION = YES;
				GCC_WARN_ABOUT_RETURN_TYPE = YES_ERROR;
				GCC_WARN_UNDECLARED_SELECTOR = YES;
				GCC_WARN_UNINITIALIZED_AUTOS = YES_AGGRESSIVE;
				GCC_WARN_UNUSED_FUNCTION = YES;
				GCC_WARN_UNUSED_VARIABLE = YES;
				IPHONEOS_DEPLOYMENT_TARGET = 13.4;
				MTL_ENABLE_DEBUG_INFO = INCLUDE_SOURCE;
				MTL_FAST_MATH = YES;
				ONLY_ACTIVE_ARCH = YES;
				SDKROOT = iphoneos;
				SWIFT_ACTIVE_COMPILATION_CONDITIONS = DEBUG;
				SWIFT_OPTIMIZATION_LEVEL = "-Onone";
			};
			name = Debug;
		};
		7845434F245A4BD900F7FEB1 /* Release */ = {
			isa = XCBuildConfiguration;
			buildSettings = {
				ALWAYS_SEARCH_USER_PATHS = NO;
				CLANG_ANALYZER_NONNULL = YES;
				CLANG_ANALYZER_NUMBER_OBJECT_CONVERSION = YES_AGGRESSIVE;
				CLANG_CXX_LANGUAGE_STANDARD = "gnu++14";
				CLANG_CXX_LIBRARY = "libc++";
				CLANG_ENABLE_MODULES = YES;
				CLANG_ENABLE_OBJC_ARC = YES;
				CLANG_ENABLE_OBJC_WEAK = YES;
				CLANG_WARN_BLOCK_CAPTURE_AUTORELEASING = YES;
				CLANG_WARN_BOOL_CONVERSION = YES;
				CLANG_WARN_COMMA = YES;
				CLANG_WARN_CONSTANT_CONVERSION = YES;
				CLANG_WARN_DEPRECATED_OBJC_IMPLEMENTATIONS = YES;
				CLANG_WARN_DIRECT_OBJC_ISA_USAGE = YES_ERROR;
				CLANG_WARN_DOCUMENTATION_COMMENTS = YES;
				CLANG_WARN_EMPTY_BODY = YES;
				CLANG_WARN_ENUM_CONVERSION = YES;
				CLANG_WARN_INFINITE_RECURSION = YES;
				CLANG_WARN_INT_CONVERSION = YES;
				CLANG_WARN_NON_LITERAL_NULL_CONVERSION = YES;
				CLANG_WARN_OBJC_IMPLICIT_RETAIN_SELF = YES;
				CLANG_WARN_OBJC_LITERAL_CONVERSION = YES;
				CLANG_WARN_OBJC_ROOT_CLASS = YES_ERROR;
				CLANG_WARN_RANGE_LOOP_ANALYSIS = YES;
				CLANG_WARN_STRICT_PROTOTYPES = YES;
				CLANG_WARN_SUSPICIOUS_MOVE = YES;
				CLANG_WARN_UNGUARDED_AVAILABILITY = YES_AGGRESSIVE;
				CLANG_WARN_UNREACHABLE_CODE = YES;
				CLANG_WARN__DUPLICATE_METHOD_MATCH = YES;
				COPY_PHASE_STRIP = NO;
				DEBUG_INFORMATION_FORMAT = "dwarf-with-dsym";
				ENABLE_NS_ASSERTIONS = NO;
				ENABLE_STRICT_OBJC_MSGSEND = YES;
				GCC_C_LANGUAGE_STANDARD = gnu11;
				GCC_NO_COMMON_BLOCKS = YES;
				GCC_WARN_64_TO_32_BIT_CONVERSION = YES;
				GCC_WARN_ABOUT_RETURN_TYPE = YES_ERROR;
				GCC_WARN_UNDECLARED_SELECTOR = YES;
				GCC_WARN_UNINITIALIZED_AUTOS = YES_AGGRESSIVE;
				GCC_WARN_UNUSED_FUNCTION = YES;
				GCC_WARN_UNUSED_VARIABLE = YES;
				IPHONEOS_DEPLOYMENT_TARGET = 13.4;
				MTL_ENABLE_DEBUG_INFO = NO;
				MTL_FAST_MATH = YES;
				SDKROOT = iphoneos;
				SWIFT_COMPILATION_MODE = wholemodule;
				SWIFT_OPTIMIZATION_LEVEL = "-O";
				VALIDATE_PRODUCT = YES;
			};
			name = Release;
		};
		78454351245A4BD900F7FEB1 /* Debug */ = {
			isa = XCBuildConfiguration;
			buildSettings = {
				ASSETCATALOG_COMPILER_APPICON_NAME = AppIcon;
				CODE_SIGN_STYLE = Automatic;
				DEVELOPMENT_ASSET_PATHS = "\"iCloudSwiftUI/Preview Content\"";
				DEVELOPMENT_TEAM = R9ZF9XRL8Y;
				ENABLE_PREVIEWS = YES;
				INFOPLIST_FILE = iCloudSwiftUI/Info.plist;
				LD_RUNPATH_SEARCH_PATHS = (
					"$(inherited)",
					"@executable_path/Frameworks",
				);
				PRODUCT_BUNDLE_IDENTIFIER = igor.iCloudSwiftUI;
				PRODUCT_NAME = "$(TARGET_NAME)";
				SWIFT_VERSION = 5.0;
				TARGETED_DEVICE_FAMILY = "1,2";
			};
			name = Debug;
		};
		78454352245A4BD900F7FEB1 /* Release */ = {
			isa = XCBuildConfiguration;
			buildSettings = {
				ASSETCATALOG_COMPILER_APPICON_NAME = AppIcon;
				CODE_SIGN_STYLE = Automatic;
				DEVELOPMENT_ASSET_PATHS = "\"iCloudSwiftUI/Preview Content\"";
				DEVELOPMENT_TEAM = R9ZF9XRL8Y;
				ENABLE_PREVIEWS = YES;
				INFOPLIST_FILE = iCloudSwiftUI/Info.plist;
				LD_RUNPATH_SEARCH_PATHS = (
					"$(inherited)",
					"@executable_path/Frameworks",
				);
				PRODUCT_BUNDLE_IDENTIFIER = igor.iCloudSwiftUI;
				PRODUCT_NAME = "$(TARGET_NAME)";
				SWIFT_VERSION = 5.0;
				TARGETED_DEVICE_FAMILY = "1,2";
			};
			name = Release;
		};
/* End XCBuildConfiguration section */

/* Begin XCConfigurationList section */
		78454337245A4BD500F7FEB1 /* Build configuration list for PBXProject "iCloudSwiftUI" */ = {
			isa = XCConfigurationList;
			buildConfigurations = (
				7845434E245A4BD900F7FEB1 /* Debug */,
				7845434F245A4BD900F7FEB1 /* Release */,
			);
			defaultConfigurationIsVisible = 0;
			defaultConfigurationName = Release;
		};
		78454350245A4BD900F7FEB1 /* Build configuration list for PBXNativeTarget "iCloudSwiftUI" */ = {
			isa = XCConfigurationList;
			buildConfigurations = (
				78454351245A4BD900F7FEB1 /* Debug */,
				78454352245A4BD900F7FEB1 /* Release */,
			);
			defaultConfigurationIsVisible = 0;
			defaultConfigurationName = Release;
		};
/* End XCConfigurationList section */
	};
	rootObject = 78454334245A4BD500F7FEB1 /* Project object */;
}
